
Microsoft Visual Studio Solution File, Format Version 12.00
# Visual Studio Version 16
VisualStudioVersion = 16.0.30225.117
MinimumVisualStudioVersion = 10.0.40219.1
Project("{9A19103F-16F7-4668-BE54-9A1E7A4F7556}") = "Onebrb.Api", "src\Onebrb.Api\Onebrb.Api.csproj", "{7BDC6173-0EBC-42B5-9C32-DB73E4F6F43E}"
EndProject
Project("{9A19103F-16F7-4668-BE54-9A1E7A4F7556}") = "Onebrb.Core", "src\Onebrb.Core\Onebrb.Core.csproj", "{4E9609A7-B5A8-4E06-9800-A5089051D5FE}"
EndProject
Project("{9A19103F-16F7-4668-BE54-9A1E7A4F7556}") = "Onebrb.Data", "src\Onebrb.Data\Onebrb.Data.csproj", "{8E150BB6-74BC-400B-97DB-5989F618F331}"
EndProject
Project("{9A19103F-16F7-4668-BE54-9A1E7A4F7556}") = "Onebrb.Services", "src\Onebrb.Services\Onebrb.Services.csproj", "{A05D23DD-7989-41DF-96CA-9DC7CABB1A9B}"
EndProject
Project("{9A19103F-16F7-4668-BE54-9A1E7A4F7556}") = "Onebrb.Services.Tests", "src\tests\Onebrb.Services.Tests\Onebrb.Services.Tests.csproj", "{92CD3B59-5B15-4540-9598-CE827FA3F8B5}"
EndProject
Project("{2150E333-8FDC-42A3-9474-1A3956D46DE8}") = "Tests", "Tests", "{5D47C0F6-7E53-42E0-A9E4-9828942EFF8C}"
EndProject
Project("{9A19103F-16F7-4668-BE54-9A1E7A4F7556}") = "Onebrb.MVC", "src\Onebrb.MVC\Onebrb.MVC.csproj", "{12650A3B-95E9-4890-894E-568760125A8E}"
EndProject
Global
	GlobalSection(SolutionConfigurationPlatforms) = preSolution
		Debug|Any CPU = Debug|Any CPU
		Release|Any CPU = Release|Any CPU
	EndGlobalSection
	GlobalSection(ProjectConfigurationPlatforms) = postSolution
		{7BDC6173-0EBC-42B5-9C32-DB73E4F6F43E}.Debug|Any CPU.ActiveCfg = Debug|Any CPU
		{7BDC6173-0EBC-42B5-9C32-DB73E4F6F43E}.Debug|Any CPU.Build.0 = Debug|Any CPU
		{7BDC6173-0EBC-42B5-9C32-DB73E4F6F43E}.Release|Any CPU.ActiveCfg = Release|Any CPU
		{7BDC6173-0EBC-42B5-9C32-DB73E4F6F43E}.Release|Any CPU.Build.0 = Release|Any CPU
		{4E9609A7-B5A8-4E06-9800-A5089051D5FE}.Debug|Any CPU.ActiveCfg = Debug|Any CPU
		{4E9609A7-B5A8-4E06-9800-A5089051D5FE}.Debug|Any CPU.Build.0 = Debug|Any CPU
		{4E9609A7-B5A8-4E06-9800-A5089051D5FE}.Release|Any CPU.ActiveCfg = Release|Any CPU
		{4E9609A7-B5A8-4E06-9800-A5089051D5FE}.Release|Any CPU.Build.0 = Release|Any CPU
		{8E150BB6-74BC-400B-97DB-5989F618F331}.Debug|Any CPU.ActiveCfg = Debug|Any CPU
		{8E150BB6-74BC-400B-97DB-5989F618F331}.Debug|Any CPU.Build.0 = Debug|Any CPU
		{8E150BB6-74BC-400B-97DB-5989F618F331}.Release|Any CPU.ActiveCfg = Release|Any CPU
		{8E150BB6-74BC-400B-97DB-5989F618F331}.Release|Any CPU.Build.0 = Release|Any CPU
		{A05D23DD-7989-41DF-96CA-9DC7CABB1A9B}.Debug|Any CPU.ActiveCfg = Debug|Any CPU
		{A05D23DD-7989-41DF-96CA-9DC7CABB1A9B}.Debug|Any CPU.Build.0 = Debug|Any CPU
		{A05D23DD-7989-41DF-96CA-9DC7CABB1A9B}.Release|Any CPU.ActiveCfg = Release|Any CPU
		{A05D23DD-7989-41DF-96CA-9DC7CABB1A9B}.Release|Any CPU.Build.0 = Release|Any CPU
		{92CD3B59-5B15-4540-9598-CE827FA3F8B5}.Debug|Any CPU.ActiveCfg = Debug|Any CPU
		{92CD3B59-5B15-4540-9598-CE827FA3F8B5}.Debug|Any CPU.Build.0 = Debug|Any CPU
		{92CD3B59-5B15-4540-9598-CE827FA3F8B5}.Release|Any CPU.ActiveCfg = Release|Any CPU
		{92CD3B59-5B15-4540-9598-CE827FA3F8B5}.Release|Any CPU.Build.0 = Release|Any CPU
		{12650A3B-95E9-4890-894E-568760125A8E}.Debug|Any CPU.ActiveCfg = Debug|Any CPU
		{12650A3B-95E9-4890-894E-568760125A8E}.Debug|Any CPU.Build.0 = Debug|Any CPU
		{12650A3B-95E9-4890-894E-568760125A8E}.Release|Any CPU.ActiveCfg = Release|Any CPU
		{12650A3B-95E9-4890-894E-568760125A8E}.Release|Any CPU.Build.0 = Release|Any CPU
	EndGlobalSection
	GlobalSection(SolutionProperties) = preSolution
		HideSolutionNode = FALSE
	EndGlobalSection
	GlobalSection(NestedProjects) = preSolution
		{92CD3B59-5B15-4540-9598-CE827FA3F8B5} = {5D47C0F6-7E53-42E0-A9E4-9828942EFF8C}
	EndGlobalSection
	GlobalSection(ExtensibilityGlobals) = postSolution
		SolutionGuid = {9B36889E-2C88-42CA-9038-3216925729B2}
	EndGlobalSection
EndGlobal
