
Microsoft Visual Studio Solution File, Format Version 12.00
# Visual Studio Version 16
VisualStudioVersion = 16.0.30225.117
MinimumVisualStudioVersion = 10.0.40219.1
Project("{9A19103F-16F7-4668-BE54-9A1E7A4F7556}") = "Onebrb.Api", "src\Onebrb.Api\Onebrb.Api.csproj", "{7BDC6173-0EBC-42B5-9C32-DB73E4F6F43E}"
EndProject
Project("{9A19103F-16F7-4668-BE54-9A1E7A4F7556}") = "Onebrb.Core", "src\Onebrb.Core\Onebrb.Core.csproj", "{4E9609A7-B5A8-4E06-9800-A5089051D5FE}"
EndProject
Project("{9A19103F-16F7-4668-BE54-9A1E7A4F7556}") = "Onebrb.Data", "src\Onebrb.Data\Onebrb.Data.csproj", "{8E150BB6-74BC-400B-97DB-5989F618F331}"
EndProject
Project("{9A19103F-16F7-4668-BE54-9A1E7A4F7556}") = "Onebrb.Services", "src\Onebrb.Services\Onebrb.Services.csproj", "{A05D23DD-7989-41DF-96CA-9DC7CABB1A9B}"
EndProject
Project("{9A19103F-16F7-4668-BE54-9A1E7A4F7556}") = "Onebrb.Services.Tests", "src\tests\Onebrb.Services.Tests\Onebrb.Services.Tests.csproj", "{92CD3B59-5B15-4540-9598-CE827FA3F8B5}"
EndProject
Project("{2150E333-8FDC-42A3-9474-1A3956D46DE8}") = "5. Tests", "5. Tests", "{5D47C0F6-7E53-42E0-A9E4-9828942EFF8C}"
EndProject
Project("{9A19103F-16F7-4668-BE54-9A1E7A4F7556}") = "Onebrb.MVC", "src\Onebrb.MVC\Onebrb.MVC.csproj", "{12650A3B-95E9-4890-894E-568760125A8E}"
EndProject
Project("{2150E333-8FDC-42A3-9474-1A3956D46DE8}") = "1. Api", "1. Api", "{BB7C072F-9CE7-466A-8C7B-301CB6BAFD7C}"
EndProject
Project("{2150E333-8FDC-42A3-9474-1A3956D46DE8}") = "0. Core", "0. Core", "{503084E9-C533-4935-BF6D-62659302DE0D}"
EndProject
Project("{2150E333-8FDC-42A3-9474-1A3956D46DE8}") = "2. Data", "2. Data", "{9C7C15AD-3993-4E42-B1BF-0F9ADC261BA2}"
EndProject
Project("{2150E333-8FDC-42A3-9474-1A3956D46DE8}") = "3. Services", "3. Services", "{1C148D3E-02D2-45AD-819C-AB76CF683374}"
EndProject
Project("{2150E333-8FDC-42A3-9474-1A3956D46DE8}") = "4. MVC", "4. MVC", "{F88E6413-223B-42A8-8B79-DDB3BBDB0D9B}"
EndProject
Project("{FAE04EC0-301F-11D3-BF4B-00C04F79EFBC}") = "Onebrb.Api.Tests", "src\Onebrb.Api.Tests\Onebrb.Api.Tests.csproj", "{4E877122-C355-427A-969B-1AD50DCAB669}"
EndProject
Global
	GlobalSection(SolutionConfigurationPlatforms) = preSolution
		Debug|Any CPU = Debug|Any CPU
		Release|Any CPU = Release|Any CPU
	EndGlobalSection
	GlobalSection(ProjectConfigurationPlatforms) = postSolution
		{7BDC6173-0EBC-42B5-9C32-DB73E4F6F43E}.Debug|Any CPU.ActiveCfg = Debug|Any CPU
		{7BDC6173-0EBC-42B5-9C32-DB73E4F6F43E}.Debug|Any CPU.Build.0 = Debug|Any CPU
		{7BDC6173-0EBC-42B5-9C32-DB73E4F6F43E}.Release|Any CPU.ActiveCfg = Release|Any CPU
		{7BDC6173-0EBC-42B5-9C32-DB73E4F6F43E}.Release|Any CPU.Build.0 = Release|Any CPU
		{4E9609A7-B5A8-4E06-9800-A5089051D5FE}.Debug|Any CPU.ActiveCfg = Debug|Any CPU
		{4E9609A7-B5A8-4E06-9800-A5089051D5FE}.Debug|Any CPU.Build.0 = Debug|Any CPU
		{4E9609A7-B5A8-4E06-9800-A5089051D5FE}.Release|Any CPU.ActiveCfg = Release|Any CPU
		{4E9609A7-B5A8-4E06-9800-A5089051D5FE}.Release|Any CPU.Build.0 = Release|Any CPU
		{8E150BB6-74BC-400B-97DB-5989F618F331}.Debug|Any CPU.ActiveCfg = Debug|Any CPU
		{8E150BB6-74BC-400B-97DB-5989F618F331}.Debug|Any CPU.Build.0 = Debug|Any CPU
		{8E150BB6-74BC-400B-97DB-5989F618F331}.Release|Any CPU.ActiveCfg = Release|Any CPU
		{8E150BB6-74BC-400B-97DB-5989F618F331}.Release|Any CPU.Build.0 = Release|Any CPU
		{A05D23DD-7989-41DF-96CA-9DC7CABB1A9B}.Debug|Any CPU.ActiveCfg = Debug|Any CPU
		{A05D23DD-7989-41DF-96CA-9DC7CABB1A9B}.Debug|Any CPU.Build.0 = Debug|Any CPU
		{A05D23DD-7989-41DF-96CA-9DC7CABB1A9B}.Release|Any CPU.ActiveCfg = Release|Any CPU
		{A05D23DD-7989-41DF-96CA-9DC7CABB1A9B}.Release|Any CPU.Build.0 = Release|Any CPU
		{92CD3B59-5B15-4540-9598-CE827FA3F8B5}.Debug|Any CPU.ActiveCfg = Debug|Any CPU
		{92CD3B59-5B15-4540-9598-CE827FA3F8B5}.Debug|Any CPU.Build.0 = Debug|Any CPU
		{92CD3B59-5B15-4540-9598-CE827FA3F8B5}.Release|Any CPU.ActiveCfg = Release|Any CPU
		{92CD3B59-5B15-4540-9598-CE827FA3F8B5}.Release|Any CPU.Build.0 = Release|Any CPU
		{12650A3B-95E9-4890-894E-568760125A8E}.Debug|Any CPU.ActiveCfg = Debug|Any CPU
		{12650A3B-95E9-4890-894E-568760125A8E}.Debug|Any CPU.Build.0 = Debug|Any CPU
		{12650A3B-95E9-4890-894E-568760125A8E}.Release|Any CPU.ActiveCfg = Release|Any CPU
		{12650A3B-95E9-4890-894E-568760125A8E}.Release|Any CPU.Build.0 = Release|Any CPU
		{4E877122-C355-427A-969B-1AD50DCAB669}.Debug|Any CPU.ActiveCfg = Debug|Any CPU
		{4E877122-C355-427A-969B-1AD50DCAB669}.Debug|Any CPU.Build.0 = Debug|Any CPU
		{4E877122-C355-427A-969B-1AD50DCAB669}.Release|Any CPU.ActiveCfg = Release|Any CPU
		{4E877122-C355-427A-969B-1AD50DCAB669}.Release|Any CPU.Build.0 = Release|Any CPU
	EndGlobalSection
	GlobalSection(SolutionProperties) = preSolution
		HideSolutionNode = FALSE
	EndGlobalSection
	GlobalSection(NestedProjects) = preSolution
		{7BDC6173-0EBC-42B5-9C32-DB73E4F6F43E} = {BB7C072F-9CE7-466A-8C7B-301CB6BAFD7C}
		{4E9609A7-B5A8-4E06-9800-A5089051D5FE} = {503084E9-C533-4935-BF6D-62659302DE0D}
		{8E150BB6-74BC-400B-97DB-5989F618F331} = {9C7C15AD-3993-4E42-B1BF-0F9ADC261BA2}
		{A05D23DD-7989-41DF-96CA-9DC7CABB1A9B} = {1C148D3E-02D2-45AD-819C-AB76CF683374}
		{92CD3B59-5B15-4540-9598-CE827FA3F8B5} = {5D47C0F6-7E53-42E0-A9E4-9828942EFF8C}
		{12650A3B-95E9-4890-894E-568760125A8E} = {F88E6413-223B-42A8-8B79-DDB3BBDB0D9B}
		{4E877122-C355-427A-969B-1AD50DCAB669} = {5D47C0F6-7E53-42E0-A9E4-9828942EFF8C}
	EndGlobalSection
	GlobalSection(ExtensibilityGlobals) = postSolution
		SolutionGuid = {9B36889E-2C88-42CA-9038-3216925729B2}
	EndGlobalSection
EndGlobal
